// !$*UTF8*$!
{
	archiveVersion = 1;
	classes = {
	};
	objectVersion = 46;
	objects = {

/* Begin PBXBuildFile section */
		4335D55E1C71CB0F00F9A9D6 /* Assets.xcassets in Resources */ = {isa = PBXBuildFile; fileRef = 4335D55D1C71CB0F00F9A9D6 /* Assets.xcassets */; };
		43A8AF7F1C76134800A54BB1 /* CQTEssenceViewController.m in Sources */ = {isa = PBXBuildFile; fileRef = 43A8AF581C76134800A54BB1 /* CQTEssenceViewController.m */; };
		43A8AF801C76134800A54BB1 /* CQTFriendTrendsViewController.m in Sources */ = {isa = PBXBuildFile; fileRef = 43A8AF5E1C76134800A54BB1 /* CQTFriendTrendsViewController.m */; };
		43A8AF811C76134800A54BB1 /* CQTMeViewController.m in Sources */ = {isa = PBXBuildFile; fileRef = 43A8AF641C76134800A54BB1 /* CQTMeViewController.m */; };
		43A8AF821C76134800A54BB1 /* CQTNewViewController.m in Sources */ = {isa = PBXBuildFile; fileRef = 43A8AF6A1C76134800A54BB1 /* CQTNewViewController.m */; };
		43A8AF831C76134800A54BB1 /* AppDelegate.m in Sources */ = {isa = PBXBuildFile; fileRef = 43A8AF6F1C76134800A54BB1 /* AppDelegate.m */; };
		43A8AF841C76134800A54BB1 /* UIBarButtonItem+CQTExtension.m in Sources */ = {isa = PBXBuildFile; fileRef = 43A8AF721C76134800A54BB1 /* UIBarButtonItem+CQTExtension.m */; };
		43A8AF851C76134800A54BB1 /* UIView+CQTExtension.m in Sources */ = {isa = PBXBuildFile; fileRef = 43A8AF741C76134800A54BB1 /* UIView+CQTExtension.m */; };
		43A8AF871C76134800A54BB1 /* CQTTabBarController.m in Sources */ = {isa = PBXBuildFile; fileRef = 43A8AF791C76134800A54BB1 /* CQTTabBarController.m */; };
		43A8AF881C76134800A54BB1 /* main.m in Sources */ = {isa = PBXBuildFile; fileRef = 43A8AF7A1C76134800A54BB1 /* main.m */; };
		43A8AF891C76134800A54BB1 /* CQTTabBar.m in Sources */ = {isa = PBXBuildFile; fileRef = 43A8AF7E1C76134800A54BB1 /* CQTTabBar.m */; };
		43B8F8471C7DEB9100F33BE0 /* CQTRecommendViewController.m in Sources */ = {isa = PBXBuildFile; fileRef = 43B8F8451C7DEB9100F33BE0 /* CQTRecommendViewController.m */; };
		43B8F8481C7DEB9100F33BE0 /* CQTRecommendViewController.xib in Resources */ = {isa = PBXBuildFile; fileRef = 43B8F8461C7DEB9100F33BE0 /* CQTRecommendViewController.xib */; };
		43B8F84A1C7DEC5600F33BE0 /* CQTFriendTrendsViewController.xib in Resources */ = {isa = PBXBuildFile; fileRef = 43B8F8491C7DEC5600F33BE0 /* CQTFriendTrendsViewController.xib */; };
		43FE70221C76AB28003252AC /* CQTNavigationController.m in Sources */ = {isa = PBXBuildFile; fileRef = 43FE70211C76AB28003252AC /* CQTNavigationController.m */; };
/* End PBXBuildFile section */

/* Begin PBXFileReference section */
		4335D54E1C71CB0F00F9A9D6 /* 01-百思不得姐.app */ = {isa = PBXFileReference; explicitFileType = wrapper.application; includeInIndex = 0; path = "01-百思不得姐.app"; sourceTree = BUILT_PRODUCTS_DIR; };
		4335D55D1C71CB0F00F9A9D6 /* Assets.xcassets */ = {isa = PBXFileReference; lastKnownFileType = folder.assetcatalog; path = Assets.xcassets; sourceTree = "<group>"; };
		4335D5621C71CB0F00F9A9D6 /* Info.plist */ = {isa = PBXFileReference; lastKnownFileType = text.plist.xml; path = Info.plist; sourceTree = "<group>"; };
		43A8AF571C76134800A54BB1 /* CQTEssenceViewController.h */ = {isa = PBXFileReference; fileEncoding = 4; lastKnownFileType = sourcecode.c.h; path = CQTEssenceViewController.h; sourceTree = "<group>"; };
		43A8AF581C76134800A54BB1 /* CQTEssenceViewController.m */ = {isa = PBXFileReference; fileEncoding = 4; lastKnownFileType = sourcecode.c.objc; path = CQTEssenceViewController.m; sourceTree = "<group>"; };
		43A8AF5D1C76134800A54BB1 /* CQTFriendTrendsViewController.h */ = {isa = PBXFileReference; fileEncoding = 4; lastKnownFileType = sourcecode.c.h; path = CQTFriendTrendsViewController.h; sourceTree = "<group>"; };
		43A8AF5E1C76134800A54BB1 /* CQTFriendTrendsViewController.m */ = {isa = PBXFileReference; fileEncoding = 4; lastKnownFileType = sourcecode.c.objc; path = CQTFriendTrendsViewController.m; sourceTree = "<group>"; };
		43A8AF631C76134800A54BB1 /* CQTMeViewController.h */ = {isa = PBXFileReference; fileEncoding = 4; lastKnownFileType = sourcecode.c.h; path = CQTMeViewController.h; sourceTree = "<group>"; };
		43A8AF641C76134800A54BB1 /* CQTMeViewController.m */ = {isa = PBXFileReference; fileEncoding = 4; lastKnownFileType = sourcecode.c.objc; path = CQTMeViewController.m; sourceTree = "<group>"; };
		43A8AF691C76134800A54BB1 /* CQTNewViewController.h */ = {isa = PBXFileReference; fileEncoding = 4; lastKnownFileType = sourcecode.c.h; path = CQTNewViewController.h; sourceTree = "<group>"; };
		43A8AF6A1C76134800A54BB1 /* CQTNewViewController.m */ = {isa = PBXFileReference; fileEncoding = 4; lastKnownFileType = sourcecode.c.objc; path = CQTNewViewController.m; sourceTree = "<group>"; };
		43A8AF6E1C76134800A54BB1 /* AppDelegate.h */ = {isa = PBXFileReference; fileEncoding = 4; lastKnownFileType = sourcecode.c.h; path = AppDelegate.h; sourceTree = "<group>"; };
		43A8AF6F1C76134800A54BB1 /* AppDelegate.m */ = {isa = PBXFileReference; fileEncoding = 4; lastKnownFileType = sourcecode.c.objc; path = AppDelegate.m; sourceTree = "<group>"; };
		43A8AF711C76134800A54BB1 /* UIBarButtonItem+CQTExtension.h */ = {isa = PBXFileReference; fileEncoding = 4; lastKnownFileType = sourcecode.c.h; path = "UIBarButtonItem+CQTExtension.h"; sourceTree = "<group>"; };
		43A8AF721C76134800A54BB1 /* UIBarButtonItem+CQTExtension.m */ = {isa = PBXFileReference; fileEncoding = 4; lastKnownFileType = sourcecode.c.objc; path = "UIBarButtonItem+CQTExtension.m"; sourceTree = "<group>"; };
		43A8AF731C76134800A54BB1 /* UIView+CQTExtension.h */ = {isa = PBXFileReference; fileEncoding = 4; lastKnownFileType = sourcecode.c.h; path = "UIView+CQTExtension.h"; sourceTree = "<group>"; };
		43A8AF741C76134800A54BB1 /* UIView+CQTExtension.m */ = {isa = PBXFileReference; fileEncoding = 4; lastKnownFileType = sourcecode.c.objc; path = "UIView+CQTExtension.m"; sourceTree = "<group>"; };
		43A8AF781C76134800A54BB1 /* CQTTabBarController.h */ = {isa = PBXFileReference; fileEncoding = 4; lastKnownFileType = sourcecode.c.h; path = CQTTabBarController.h; sourceTree = "<group>"; };
		43A8AF791C76134800A54BB1 /* CQTTabBarController.m */ = {isa = PBXFileReference; fileEncoding = 4; lastKnownFileType = sourcecode.c.objc; path = CQTTabBarController.m; sourceTree = "<group>"; };
		43A8AF7A1C76134800A54BB1 /* main.m */ = {isa = PBXFileReference; fileEncoding = 4; lastKnownFileType = sourcecode.c.objc; path = main.m; sourceTree = "<group>"; };
		43A8AF7B1C76134800A54BB1 /* PrefixHeader.pch */ = {isa = PBXFileReference; fileEncoding = 4; lastKnownFileType = sourcecode.c.h; path = PrefixHeader.pch; sourceTree = "<group>"; };
		43A8AF7D1C76134800A54BB1 /* CQTTabBar.h */ = {isa = PBXFileReference; fileEncoding = 4; lastKnownFileType = sourcecode.c.h; path = CQTTabBar.h; sourceTree = "<group>"; };
		43A8AF7E1C76134800A54BB1 /* CQTTabBar.m */ = {isa = PBXFileReference; fileEncoding = 4; lastKnownFileType = sourcecode.c.objc; path = CQTTabBar.m; sourceTree = "<group>"; };
		43B8F8441C7DEB9100F33BE0 /* CQTRecommendViewController.h */ = {isa = PBXFileReference; fileEncoding = 4; lastKnownFileType = sourcecode.c.h; path = CQTRecommendViewController.h; sourceTree = "<group>"; };
		43B8F8451C7DEB9100F33BE0 /* CQTRecommendViewController.m */ = {isa = PBXFileReference; fileEncoding = 4; lastKnownFileType = sourcecode.c.objc; path = CQTRecommendViewController.m; sourceTree = "<group>"; };
		43B8F8461C7DEB9100F33BE0 /* CQTRecommendViewController.xib */ = {isa = PBXFileReference; fileEncoding = 4; lastKnownFileType = file.xib; path = CQTRecommendViewController.xib; sourceTree = "<group>"; };
		43B8F8491C7DEC5600F33BE0 /* CQTFriendTrendsViewController.xib */ = {isa = PBXFileReference; fileEncoding = 4; lastKnownFileType = file.xib; path = CQTFriendTrendsViewController.xib; sourceTree = "<group>"; };
		43FE70201C76AB28003252AC /* CQTNavigationController.h */ = {isa = PBXFileReference; fileEncoding = 4; lastKnownFileType = sourcecode.c.h; path = CQTNavigationController.h; sourceTree = "<group>"; };
		43FE70211C76AB28003252AC /* CQTNavigationController.m */ = {isa = PBXFileReference; fileEncoding = 4; lastKnownFileType = sourcecode.c.objc; path = CQTNavigationController.m; sourceTree = "<group>"; };
/* End PBXFileReference section */

/* Begin PBXFrameworksBuildPhase section */
		4335D54B1C71CB0F00F9A9D6 /* Frameworks */ = {
			isa = PBXFrameworksBuildPhase;
			buildActionMask = 2147483647;
			files = (
			);
			runOnlyForDeploymentPostprocessing = 0;
		};
/* End PBXFrameworksBuildPhase section */

/* Begin PBXGroup section */
		4335D5451C71CB0F00F9A9D6 = {
			isa = PBXGroup;
			children = (
				4335D5501C71CB0F00F9A9D6 /* 01-百思不得姐 */,
				4335D54F1C71CB0F00F9A9D6 /* Products */,
			);
			sourceTree = "<group>";
		};
		4335D54F1C71CB0F00F9A9D6 /* Products */ = {
			isa = PBXGroup;
			children = (
				4335D54E1C71CB0F00F9A9D6 /* 01-百思不得姐.app */,
			);
			name = Products;
			sourceTree = "<group>";
		};
		4335D5501C71CB0F00F9A9D6 /* 01-百思不得姐 */ = {
			isa = PBXGroup;
			children = (
				43A8AF541C76134800A54BB1 /* Classes */,
				4335D5511C71CB0F00F9A9D6 /* Supporting Files */,
			);
			path = "01-百思不得姐";
			sourceTree = "<group>";
		};
		4335D5511C71CB0F00F9A9D6 /* Supporting Files */ = {
			isa = PBXGroup;
			children = (
				4335D55D1C71CB0F00F9A9D6 /* Assets.xcassets */,
				4335D5621C71CB0F00F9A9D6 /* Info.plist */,
			);
			name = "Supporting Files";
			sourceTree = "<group>";
		};
		43A8AF541C76134800A54BB1 /* Classes */ = {
			isa = PBXGroup;
			children = (
				43A8AF551C76134800A54BB1 /* Essence-精华 */,
				43A8AF5B1C76134800A54BB1 /* FriendTrends-关注 */,
				43A8AF611C76134800A54BB1 /* Me-我 */,
				43A8AF671C76134800A54BB1 /* New-新帖 */,
				43A8AF6D1C76134800A54BB1 /* Other-其它 */,
			);
			path = Classes;
			sourceTree = "<group>";
		};
		43A8AF551C76134800A54BB1 /* Essence-精华 */ = {
			isa = PBXGroup;
			children = (
				43A8AF561C76134800A54BB1 /* Controller */,
				43A8AF591C76134800A54BB1 /* Model */,
				43A8AF5A1C76134800A54BB1 /* View */,
			);
			path = "Essence-精华";
			sourceTree = "<group>";
		};
		43A8AF561C76134800A54BB1 /* Controller */ = {
			isa = PBXGroup;
			children = (
				43A8AF571C76134800A54BB1 /* CQTEssenceViewController.h */,
				43A8AF581C76134800A54BB1 /* CQTEssenceViewController.m */,
			);
			path = Controller;
			sourceTree = "<group>";
		};
		43A8AF591C76134800A54BB1 /* Model */ = {
			isa = PBXGroup;
			children = (
			);
			path = Model;
			sourceTree = "<group>";
		};
		43A8AF5A1C76134800A54BB1 /* View */ = {
			isa = PBXGroup;
			children = (
			);
			path = View;
			sourceTree = "<group>";
		};
		43A8AF5B1C76134800A54BB1 /* FriendTrends-关注 */ = {
			isa = PBXGroup;
			children = (
				43A8AF5C1C76134800A54BB1 /* Controller */,
				43A8AF5F1C76134800A54BB1 /* Model */,
				43A8AF601C76134800A54BB1 /* View */,
			);
			path = "FriendTrends-关注";
			sourceTree = "<group>";
		};
		43A8AF5C1C76134800A54BB1 /* Controller */ = {
			isa = PBXGroup;
			children = (
				43A8AF5D1C76134800A54BB1 /* CQTFriendTrendsViewController.h */,
				43A8AF5E1C76134800A54BB1 /* CQTFriendTrendsViewController.m */,
				43B8F8491C7DEC5600F33BE0 /* CQTFriendTrendsViewController.xib */,
				43B8F8441C7DEB9100F33BE0 /* CQTRecommendViewController.h */,
				43B8F8451C7DEB9100F33BE0 /* CQTRecommendViewController.m */,
				43B8F8461C7DEB9100F33BE0 /* CQTRecommendViewController.xib */,
			);
			path = Controller;
			sourceTree = "<group>";
		};
		43A8AF5F1C76134800A54BB1 /* Model */ = {
			isa = PBXGroup;
			children = (
			);
			path = Model;
			sourceTree = "<group>";
		};
		43A8AF601C76134800A54BB1 /* View */ = {
			isa = PBXGroup;
			children = (
			);
			path = View;
			sourceTree = "<group>";
		};
		43A8AF611C76134800A54BB1 /* Me-我 */ = {
			isa = PBXGroup;
			children = (
				43A8AF621C76134800A54BB1 /* Controller */,
				43A8AF651C76134800A54BB1 /* Model */,
				43A8AF661C76134800A54BB1 /* View */,
			);
			path = "Me-我";
			sourceTree = "<group>";
		};
		43A8AF621C76134800A54BB1 /* Controller */ = {
			isa = PBXGroup;
			children = (
				43A8AF631C76134800A54BB1 /* CQTMeViewController.h */,
				43A8AF641C76134800A54BB1 /* CQTMeViewController.m */,
			);
			path = Controller;
			sourceTree = "<group>";
		};
		43A8AF651C76134800A54BB1 /* Model */ = {
			isa = PBXGroup;
			children = (
			);
			path = Model;
			sourceTree = "<group>";
		};
		43A8AF661C76134800A54BB1 /* View */ = {
			isa = PBXGroup;
			children = (
			);
			path = View;
			sourceTree = "<group>";
		};
		43A8AF671C76134800A54BB1 /* New-新帖 */ = {
			isa = PBXGroup;
			children = (
				43A8AF681C76134800A54BB1 /* Controller */,
				43A8AF6B1C76134800A54BB1 /* Model */,
				43A8AF6C1C76134800A54BB1 /* View */,
			);
			path = "New-新帖";
			sourceTree = "<group>";
		};
		43A8AF681C76134800A54BB1 /* Controller */ = {
			isa = PBXGroup;
			children = (
				43A8AF691C76134800A54BB1 /* CQTNewViewController.h */,
				43A8AF6A1C76134800A54BB1 /* CQTNewViewController.m */,
			);
			path = Controller;
			sourceTree = "<group>";
		};
		43A8AF6B1C76134800A54BB1 /* Model */ = {
			isa = PBXGroup;
			children = (
			);
			path = Model;
			sourceTree = "<group>";
		};
		43A8AF6C1C76134800A54BB1 /* View */ = {
			isa = PBXGroup;
			children = (
			);
			path = View;
			sourceTree = "<group>";
		};
		43A8AF6D1C76134800A54BB1 /* Other-其它 */ = {
			isa = PBXGroup;
			children = (
				43A8AF6E1C76134800A54BB1 /* AppDelegate.h */,
				43A8AF6F1C76134800A54BB1 /* AppDelegate.m */,
				43A8AF701C76134800A54BB1 /* Category */,
				43A8AF751C76134800A54BB1 /* Controller */,
				43A8AF7A1C76134800A54BB1 /* main.m */,
				43A8AF7B1C76134800A54BB1 /* PrefixHeader.pch */,
				43A8AF7C1C76134800A54BB1 /* View */,
			);
			path = "Other-其它";
			sourceTree = "<group>";
		};
		43A8AF701C76134800A54BB1 /* Category */ = {
			isa = PBXGroup;
			children = (
				43A8AF711C76134800A54BB1 /* UIBarButtonItem+CQTExtension.h */,
				43A8AF721C76134800A54BB1 /* UIBarButtonItem+CQTExtension.m */,
				43A8AF731C76134800A54BB1 /* UIView+CQTExtension.h */,
				43A8AF741C76134800A54BB1 /* UIView+CQTExtension.m */,
			);
			path = Category;
			sourceTree = "<group>";
		};
		43A8AF751C76134800A54BB1 /* Controller */ = {
			isa = PBXGroup;
			children = (
				43A8AF781C76134800A54BB1 /* CQTTabBarController.h */,
				43A8AF791C76134800A54BB1 /* CQTTabBarController.m */,
				43FE70201C76AB28003252AC /* CQTNavigationController.h */,
				43FE70211C76AB28003252AC /* CQTNavigationController.m */,
			);
			path = Controller;
			sourceTree = "<group>";
		};
		43A8AF7C1C76134800A54BB1 /* View */ = {
			isa = PBXGroup;
			children = (
				43A8AF7D1C76134800A54BB1 /* CQTTabBar.h */,
				43A8AF7E1C76134800A54BB1 /* CQTTabBar.m */,
			);
			path = View;
			sourceTree = "<group>";
		};
/* End PBXGroup section */

/* Begin PBXNativeTarget section */
		4335D54D1C71CB0F00F9A9D6 /* 01-百思不得姐 */ = {
			isa = PBXNativeTarget;
			buildConfigurationList = 4335D5651C71CB0F00F9A9D6 /* Build configuration list for PBXNativeTarget "01-百思不得姐" */;
			buildPhases = (
				4335D54A1C71CB0F00F9A9D6 /* Sources */,
				4335D54B1C71CB0F00F9A9D6 /* Frameworks */,
				4335D54C1C71CB0F00F9A9D6 /* Resources */,
			);
			buildRules = (
			);
			dependencies = (
			);
			name = "01-百思不得姐";
			productName = "01-百思不得姐";
			productReference = 4335D54E1C71CB0F00F9A9D6 /* 01-百思不得姐.app */;
			productType = "com.apple.product-type.application";
		};
/* End PBXNativeTarget section */

/* Begin PBXProject section */
		4335D5461C71CB0F00F9A9D6 /* Project object */ = {
			isa = PBXProject;
			attributes = {
				CLASSPREFIX = CQT;
				LastUpgradeCheck = 0720;
				ORGANIZATIONNAME = Cass;
				TargetAttributes = {
					4335D54D1C71CB0F00F9A9D6 = {
						CreatedOnToolsVersion = 7.2.1;
						DevelopmentTeam = 579YKGP6HQ;
					};
				};
			};
			buildConfigurationList = 4335D5491C71CB0F00F9A9D6 /* Build configuration list for PBXProject "01-百思不得姐" */;
			compatibilityVersion = "Xcode 3.2";
			developmentRegion = English;
			hasScannedForEncodings = 0;
			knownRegions = (
				en,
				Base,
			);
			mainGroup = 4335D5451C71CB0F00F9A9D6;
			productRefGroup = 4335D54F1C71CB0F00F9A9D6 /* Products */;
			projectDirPath = "";
			projectRoot = "";
			targets = (
				4335D54D1C71CB0F00F9A9D6 /* 01-百思不得姐 */,
			);
		};
/* End PBXProject section */

/* Begin PBXResourcesBuildPhase section */
		4335D54C1C71CB0F00F9A9D6 /* Resources */ = {
			isa = PBXResourcesBuildPhase;
			buildActionMask = 2147483647;
			files = (
				43B8F8481C7DEB9100F33BE0 /* CQTRecommendViewController.xib in Resources */,
				4335D55E1C71CB0F00F9A9D6 /* Assets.xcassets in Resources */,
				43B8F84A1C7DEC5600F33BE0 /* CQTFriendTrendsViewController.xib in Resources */,
			);
			runOnlyForDeploymentPostprocessing = 0;
		};
/* End PBXResourcesBuildPhase section */

/* Begin PBXSourcesBuildPhase section */
		4335D54A1C71CB0F00F9A9D6 /* Sources */ = {
			isa = PBXSourcesBuildPhase;
			buildActionMask = 2147483647;
			files = (
				43B8F8471C7DEB9100F33BE0 /* CQTRecommendViewController.m in Sources */,
				43A8AF881C76134800A54BB1 /* main.m in Sources */,
				43A8AF7F1C76134800A54BB1 /* CQTEssenceViewController.m in Sources */,
				43A8AF871C76134800A54BB1 /* CQTTabBarController.m in Sources */,
				43A8AF811C76134800A54BB1 /* CQTMeViewController.m in Sources */,
				43FE70221C76AB28003252AC /* CQTNavigationController.m in Sources */,
				43A8AF821C76134800A54BB1 /* CQTNewViewController.m in Sources */,
				43A8AF841C76134800A54BB1 /* UIBarButtonItem+CQTExtension.m in Sources */,
				43A8AF801C76134800A54BB1 /* CQTFriendTrendsViewController.m in Sources */,
				43A8AF851C76134800A54BB1 /* UIView+CQTExtension.m in Sources */,
				43A8AF831C76134800A54BB1 /* AppDelegate.m in Sources */,
				43A8AF891C76134800A54BB1 /* CQTTabBar.m in Sources */,
			);
			runOnlyForDeploymentPostprocessing = 0;
		};
/* End PBXSourcesBuildPhase section */

/* Begin XCBuildConfiguration section */
		4335D5631C71CB0F00F9A9D6 /* Debug */ = {
			isa = XCBuildConfiguration;
			buildSettings = {
				ALWAYS_SEARCH_USER_PATHS = NO;
				CLANG_CXX_LANGUAGE_STANDARD = "gnu++0x";
				CLANG_CXX_LIBRARY = "libc++";
				CLANG_ENABLE_MODULES = YES;
				CLANG_ENABLE_OBJC_ARC = YES;
				CLANG_WARN_BOOL_CONVERSION = YES;
				CLANG_WARN_CONSTANT_CONVERSION = YES;
				CLANG_WARN_DIRECT_OBJC_ISA_USAGE = YES_ERROR;
				CLANG_WARN_EMPTY_BODY = YES;
				CLANG_WARN_ENUM_CONVERSION = YES;
				CLANG_WARN_INT_CONVERSION = YES;
				CLANG_WARN_OBJC_ROOT_CLASS = YES_ERROR;
				CLANG_WARN_UNREACHABLE_CODE = YES;
				CLANG_WARN__DUPLICATE_METHOD_MATCH = YES;
				"CODE_SIGN_IDENTITY[sdk=iphoneos*]" = "iPhone Developer";
				COPY_PHASE_STRIP = NO;
				DEBUG_INFORMATION_FORMAT = dwarf;
				ENABLE_STRICT_OBJC_MSGSEND = YES;
				ENABLE_TESTABILITY = YES;
				GCC_C_LANGUAGE_STANDARD = gnu99;
				GCC_DYNAMIC_NO_PIC = NO;
				GCC_NO_COMMON_BLOCKS = YES;
				GCC_OPTIMIZATION_LEVEL = 0;
				GCC_PREPROCESSOR_DEFINITIONS = (
					"DEBUG=1",
					"$(inherited)",
				);
				GCC_WARN_64_TO_32_BIT_CONVERSION = YES;
				GCC_WARN_ABOUT_RETURN_TYPE = YES_ERROR;
				GCC_WARN_UNDECLARED_SELECTOR = YES;
				GCC_WARN_UNINITIALIZED_AUTOS = YES_AGGRESSIVE;
				GCC_WARN_UNUSED_FUNCTION = YES;
				GCC_WARN_UNUSED_VARIABLE = YES;
				IPHONEOS_DEPLOYMENT_TARGET = 9.2;
				MTL_ENABLE_DEBUG_INFO = YES;
				ONLY_ACTIVE_ARCH = YES;
				SDKROOT = iphoneos;
			};
			name = Debug;
		};
		4335D5641C71CB0F00F9A9D6 /* Release */ = {
			isa = XCBuildConfiguration;
			buildSettings = {
				ALWAYS_SEARCH_USER_PATHS = NO;
				CLANG_CXX_LANGUAGE_STANDARD = "gnu++0x";
				CLANG_CXX_LIBRARY = "libc++";
				CLANG_ENABLE_MODULES = YES;
				CLANG_ENABLE_OBJC_ARC = YES;
				CLANG_WARN_BOOL_CONVERSION = YES;
				CLANG_WARN_CONSTANT_CONVERSION = YES;
				CLANG_WARN_DIRECT_OBJC_ISA_USAGE = YES_ERROR;
				CLANG_WARN_EMPTY_BODY = YES;
				CLANG_WARN_ENUM_CONVERSION = YES;
				CLANG_WARN_INT_CONVERSION = YES;
				CLANG_WARN_OBJC_ROOT_CLASS = YES_ERROR;
				CLANG_WARN_UNREACHABLE_CODE = YES;
				CLANG_WARN__DUPLICATE_METHOD_MATCH = YES;
				"CODE_SIGN_IDENTITY[sdk=iphoneos*]" = "iPhone Developer";
				COPY_PHASE_STRIP = NO;
				DEBUG_INFORMATION_FORMAT = "dwarf-with-dsym";
				ENABLE_NS_ASSERTIONS = NO;
				ENABLE_STRICT_OBJC_MSGSEND = YES;
				GCC_C_LANGUAGE_STANDARD = gnu99;
				GCC_NO_COMMON_BLOCKS = YES;
				GCC_WARN_64_TO_32_BIT_CONVERSION = YES;
				GCC_WARN_ABOUT_RETURN_TYPE = YES_ERROR;
				GCC_WARN_UNDECLARED_SELECTOR = YES;
				GCC_WARN_UNINITIALIZED_AUTOS = YES_AGGRESSIVE;
				GCC_WARN_UNUSED_FUNCTION = YES;
				GCC_WARN_UNUSED_VARIABLE = YES;
				IPHONEOS_DEPLOYMENT_TARGET = 9.2;
				MTL_ENABLE_DEBUG_INFO = NO;
				SDKROOT = iphoneos;
				VALIDATE_PRODUCT = YES;
			};
			name = Release;
		};
		4335D5661C71CB0F00F9A9D6 /* Debug */ = {
			isa = XCBuildConfiguration;
			buildSettings = {
				ASSETCATALOG_COMPILER_APPICON_NAME = AppIcon;
				ASSETCATALOG_COMPILER_LAUNCHIMAGE_NAME = "Brand Assets";
				GCC_PREFIX_HEADER = "01-百思不得姐/Classes/Other-其它/PrefixHeader.pch";
				INFOPLIST_FILE = "01-百思不得姐/Info.plist";
				LD_RUNPATH_SEARCH_PATHS = "$(inherited) @executable_path/Frameworks";
				PRODUCT_BUNDLE_IDENTIFIER = "com.cass.-1------";
				PRODUCT_NAME = "$(TARGET_NAME)";
			};
			name = Debug;
		};
		4335D5671C71CB0F00F9A9D6 /* Release */ = {
			isa = XCBuildConfiguration;
			buildSettings = {
				ASSETCATALOG_COMPILER_APPICON_NAME = AppIcon;
				ASSETCATALOG_COMPILER_LAUNCHIMAGE_NAME = "Brand Assets";
				GCC_PREFIX_HEADER = "01-百思不得姐/Classes/Other-其它/PrefixHeader.pch";
				INFOPLIST_FILE = "01-百思不得姐/Info.plist";
				LD_RUNPATH_SEARCH_PATHS = "$(inherited) @executable_path/Frameworks";
				PRODUCT_BUNDLE_IDENTIFIER = "com.cass.-1------";
				PRODUCT_NAME = "$(TARGET_NAME)";
			};
			name = Release;
		};
/* End XCBuildConfiguration section */

/* Begin XCConfigurationList section */
		4335D5491C71CB0F00F9A9D6 /* Build configuration list for PBXProject "01-百思不得姐" */ = {
			isa = XCConfigurationList;
			buildConfigurations = (
				4335D5631C71CB0F00F9A9D6 /* Debug */,
				4335D5641C71CB0F00F9A9D6 /* Release */,
			);
			defaultConfigurationIsVisible = 0;
			defaultConfigurationName = Release;
		};
		4335D5651C71CB0F00F9A9D6 /* Build configuration list for PBXNativeTarget "01-百思不得姐" */ = {
			isa = XCConfigurationList;
			buildConfigurations = (
				4335D5661C71CB0F00F9A9D6 /* Debug */,
				4335D5671C71CB0F00F9A9D6 /* Release */,
			);
			defaultConfigurationIsVisible = 0;
			defaultConfigurationName = Release;
		};
/* End XCConfigurationList section */
	};
	rootObject = 4335D5461C71CB0F00F9A9D6 /* Project object */;
}
